
Microsoft Visual Studio Solution File, Format Version 12.00
# Visual Studio Version 17
VisualStudioVersion = 17.7.34024.191
MinimumVisualStudioVersion = 10.0.40219.1
Project("{FAE04EC0-301F-11D3-BF4B-00C04F79EFBC}") = "EjercicioFiguraProgra", "EjercicioFiguraProgra.csproj", "{DB307E84-39BC-4E2A-B5E9-767F83B2219E}"
EndProject
Global
	GlobalSection(SolutionConfigurationPlatforms) = preSolution
		Debug|Any CPU = Debug|Any CPU
		Release|Any CPU = Release|Any CPU
	EndGlobalSection
	GlobalSection(ProjectConfigurationPlatforms) = postSolution
		{DB307E84-39BC-4E2A-B5E9-767F83B2219E}.Debug|Any CPU.ActiveCfg = Debug|Any CPU
		{DB307E84-39BC-4E2A-B5E9-767F83B2219E}.Debug|Any CPU.Build.0 = Debug|Any CPU
		{DB307E84-39BC-4E2A-B5E9-767F83B2219E}.Release|Any CPU.ActiveCfg = Release|Any CPU
		{DB307E84-39BC-4E2A-B5E9-767F83B2219E}.Release|Any CPU.Build.0 = Release|Any CPU
	EndGlobalSection
	GlobalSection(SolutionProperties) = preSolution
		HideSolutionNode = FALSE
	EndGlobalSection
	GlobalSection(ExtensibilityGlobals) = postSolution
		SolutionGuid = {835CBAE1-23C1-4272-B3F5-8999471A0752}
	EndGlobalSection
EndGlobal
